
Microsoft Visual Studio Solution File, Format Version 12.00
# Visual Studio 14
VisualStudioVersion = 14.0.25420.1
MinimumVisualStudioVersion = 10.0.40219.1
Project("{2150E333-8FDC-42A3-9474-1A3956D46DE8}") = "Behavioral", "Behavioral", "{70B608E7-D3A1-4021-BB0F-51E90EB65108}"
EndProject
Project("{2150E333-8FDC-42A3-9474-1A3956D46DE8}") = "Creational", "Creational", "{C13FE9D0-50CE-4011-A2CF-F943FB306185}"
EndProject
Project("{2150E333-8FDC-42A3-9474-1A3956D46DE8}") = "InternalDocumentation", "InternalDocumentation", "{F5626FD2-2959-4422-BFD7-05C6AB316904}"
EndProject
Project("{2150E333-8FDC-42A3-9474-1A3956D46DE8}") = "Structural", "Structural", "{10F1ED36-FBB5-4E71-9265-B4E060BDEC82}"
EndProject
Project("{2150E333-8FDC-42A3-9474-1A3956D46DE8}") = "AbstractFactory", "AbstractFactory", "{3A7C12A6-4B43-4162-8811-221071C634F9}"
EndProject
Project("{2150E333-8FDC-42A3-9474-1A3956D46DE8}") = "Builder", "Builder", "{DBF601A8-3014-4DBD-B2C5-754E9D805F54}"
EndProject
Project("{2150E333-8FDC-42A3-9474-1A3956D46DE8}") = "FactoryMethod", "FactoryMethod", "{DF02AFFE-301F-42DD-AF64-ABA89DBB390F}"
EndProject
Project("{2150E333-8FDC-42A3-9474-1A3956D46DE8}") = "Prototype", "Prototype", "{FC33F620-32AA-409B-A946-CEF95EFB8077}"
EndProject
Project("{2150E333-8FDC-42A3-9474-1A3956D46DE8}") = "Singleton", "Singleton", "{FD52D189-41A0-4BBC-9929-8E07BA541FEB}"
EndProject
Global
	GlobalSection(SolutionProperties) = preSolution
		HideSolutionNode = FALSE
	EndGlobalSection
	GlobalSection(NestedProjects) = preSolution
		{3A7C12A6-4B43-4162-8811-221071C634F9} = {C13FE9D0-50CE-4011-A2CF-F943FB306185}
		{DBF601A8-3014-4DBD-B2C5-754E9D805F54} = {C13FE9D0-50CE-4011-A2CF-F943FB306185}
		{DF02AFFE-301F-42DD-AF64-ABA89DBB390F} = {C13FE9D0-50CE-4011-A2CF-F943FB306185}
		{FC33F620-32AA-409B-A946-CEF95EFB8077} = {C13FE9D0-50CE-4011-A2CF-F943FB306185}
		{FD52D189-41A0-4BBC-9929-8E07BA541FEB} = {C13FE9D0-50CE-4011-A2CF-F943FB306185}
	EndGlobalSection
EndGlobal
