
Microsoft Visual Studio Solution File, Format Version 12.00
# Visual Studio 14
VisualStudioVersion = 14.0.23107.0
MinimumVisualStudioVersion = 10.0.40219.1
Project("{2150E333-8FDC-42A3-9474-1A3956D46DE8}") = "GOFDesignPatterns", "GOFDesignPatterns", "{BC2BA767-D1A0-43AC-8C46-38CD2F929157}"
EndProject
Project("{2150E333-8FDC-42A3-9474-1A3956D46DE8}") = "InternalDocumentation", "InternalDocumentation", "{D19DF208-C2A0-4F41-960E-8D4D6CA51183}"
EndProject
Project("{FAE04EC0-301F-11D3-BF4B-00C04F79EFBC}") = "Abstract.AnimalWorld", "GOFDesignPatterns\Abstract.AnimalWorld\Abstract.AnimalWorld.csproj", "{9AEB4D4C-47A0-470B-B018-7EC7AF48837D}"
EndProject
Project("{FAE04EC0-301F-11D3-BF4B-00C04F79EFBC}") = "Abstract.AnimalWorldConsumer", "GOFDesignPatterns\Abstract.AnimalWorldConsumer\Abstract.AnimalWorldConsumer.csproj", "{0D9D735B-912D-44CB-AC04-D16B119AA3D9}"
EndProject
Project("{FAE04EC0-301F-11D3-BF4B-00C04F79EFBC}") = "Abstract.AnimalWorldV2", "GOFDesignPatterns\Abstract.AnimalWorldV2\Abstract.AnimalWorldV2.csproj", "{5B34812C-35D3-419D-8CB7-806338271575}"
EndProject
Project("{FAE04EC0-301F-11D3-BF4B-00C04F79EFBC}") = "Abstract.AnimalWorldV2Tests", "GOFDesignPatterns\Abstract.AnimalWorldV2Tests\Abstract.AnimalWorldV2Tests.csproj", "{8D571AA8-C379-4D42-8348-36F265031298}"
EndProject
Project("{FAE04EC0-301F-11D3-BF4B-00C04F79EFBC}") = "Abstract.AnimalWorldV2Consumer", "GOFDesignPatterns\Abstract.AnimalWorldV2Consumer\Abstract.AnimalWorldV2Consumer.csproj", "{7FC03CA7-1CA2-4FC6-906F-050F295C9D4A}"
EndProject
Project("{FAE04EC0-301F-11D3-BF4B-00C04F79EFBC}") = "Builder.BuildVehicles", "GOFDesignPatterns\Builder.BuildVehicles\Builder.BuildVehicles.csproj", "{0AB47CCC-9AE3-48A4-BF9B-391660077778}"
EndProject
Project("{FAE04EC0-301F-11D3-BF4B-00C04F79EFBC}") = "Builder.BuildVehiclesTests", "GOFDesignPatterns\Builder.BuildVehiclesTests\Builder.BuildVehiclesTests.csproj", "{18C6EFEA-4638-4381-954E-5C0FC7104E75}"
EndProject
Project("{FAE04EC0-301F-11D3-BF4B-00C04F79EFBC}") = "Builder.BuildVehiclesConsumer", "GOFDesignPatterns\Builder.BuildVehiclesConsumer\Builder.BuildVehiclesConsumer.csproj", "{F25E5202-247B-4E7F-898A-90A90CA5BDF1}"
EndProject
Project("{FAE04EC0-301F-11D3-BF4B-00C04F79EFBC}") = "Builder.BuildVehiclesV2", "GOFDesignPatterns\Builder.BuildVehiclesV2\Builder.BuildVehiclesV2.csproj", "{26E97D3D-8C0E-4A43-87B4-CAD78D985DB6}"
EndProject
Project("{FAE04EC0-301F-11D3-BF4B-00C04F79EFBC}") = "Builder.BuildVehiclesV2Tests", "GOFDesignPatterns\Builder.BuildVehiclesV2Tests\Builder.BuildVehiclesV2Tests.csproj", "{30B4F967-172E-4FDA-AE2B-41314C916A12}"
EndProject
Project("{FAE04EC0-301F-11D3-BF4B-00C04F79EFBC}") = "Builder.BuildVehiclesV2Consumer", "GOFDesignPatterns\Builder.BuildVehiclesV2Consumer\Builder.BuildVehiclesV2Consumer.csproj", "{AAF3C24A-414A-46C3-BE18-4B49DCA48658}"
EndProject
Project("{2150E333-8FDC-42A3-9474-1A3956D46DE8}") = "MongoDbDataStore", "MongoDbDataStore", "{845DE14E-913A-4BA8-9550-CB7EB19CDC6C}"
EndProject
Project("{FAE04EC0-301F-11D3-BF4B-00C04F79EFBC}") = "MongoData.BuildVehicles.DataStore", "MongoDbDataStore\MongoData.BuildVehicles.DataStore\MongoData.BuildVehicles.DataStore.csproj", "{7E45A140-DD72-4BD6-8F27-43E654F2620B}"
EndProject
Project("{FAE04EC0-301F-11D3-BF4B-00C04F79EFBC}") = "MongoData.DataStore", "MongoDbDataStore\MongoData.DataStore\MongoData.DataStore.csproj", "{76F765B4-0A5F-4A13-AB3D-B63963503F89}"
EndProject
Project("{FAE04EC0-301F-11D3-BF4B-00C04F79EFBC}") = "MongoData.DataStore.Tests", "MongoDbDataStore\MongoData.DataStore.Tests\MongoData.DataStore.Tests.csproj", "{95C3EFA6-048A-43E6-A5DD-01E63B2E6F57}"
EndProject
Project("{FAE04EC0-301F-11D3-BF4B-00C04F79EFBC}") = "MongoData.DataStore.Utilities", "MongoDbDataStore\MongoData.DataStore.Utilities\MongoData.DataStore.Utilities.csproj", "{ACDCA0C3-1E71-483B-A0C4-6C93F74DECF6}"
EndProject
Project("{FAE04EC0-301F-11D3-BF4B-00C04F79EFBC}") = "MongoData.DataStore.Utilities.Tests", "MongoDbDataStore\MongoData.DataStore.Utilities.Tests\MongoData.DataStore.Utilities.Tests.csproj", "{263B682C-3269-4AC5-893B-EBD36ABA9B43}"
EndProject
Project("{FAE04EC0-301F-11D3-BF4B-00C04F79EFBC}") = "MongoData.IDataRepositories", "MongoDbDataStore\MongoData.IDataRepositories\MongoData.IDataRepositories.csproj", "{74317EE0-39F2-4AAE-9198-5A984C43FEB0}"
EndProject
Project("{FAE04EC0-301F-11D3-BF4B-00C04F79EFBC}") = "MongoData.DesignPattern.DataModels", "MongoDbDataStore\MongoData.DesignPattern.DataModels\MongoData.DesignPattern.DataModels.csproj", "{96674F0D-55EF-4B73-B191-F86DA93E3555}"
EndProject
Project("{FAE04EC0-301F-11D3-BF4B-00C04F79EFBC}") = "MongoData.DesignPattern.IDataModels", "MongoDbDataStore\MongoData.DesignPattern.IDataModels\MongoData.DesignPattern.IDataModels.csproj", "{C13802B5-378D-4B35-B1A5-FAFB4BBA5D18}"
EndProject
Project("{FAE04EC0-301F-11D3-BF4B-00C04F79EFBC}") = "MongoData.BuildVehicles.DSTests", "MongoDbDataStore\MongoData.BuildVehicles.DSTests\MongoData.BuildVehicles.DSTests.csproj", "{683D1682-3AAC-48E7-B52B-CE1468A04E60}"
EndProject
Project("{FAE04EC0-301F-11D3-BF4B-00C04F79EFBC}") = "MongoData.BuildVehicles.DataRepository", "MongoData.BuildVehicles.DataRepository\MongoData.BuildVehicles.DataRepository.csproj", "{FB61A212-B039-41B1-9231-36B4E2B72E5C}"
EndProject
Global
	GlobalSection(SolutionConfigurationPlatforms) = preSolution
		Debug|Any CPU = Debug|Any CPU
		Release|Any CPU = Release|Any CPU
	EndGlobalSection
	GlobalSection(ProjectConfigurationPlatforms) = postSolution
		{9AEB4D4C-47A0-470B-B018-7EC7AF48837D}.Debug|Any CPU.ActiveCfg = Debug|Any CPU
		{9AEB4D4C-47A0-470B-B018-7EC7AF48837D}.Debug|Any CPU.Build.0 = Debug|Any CPU
		{9AEB4D4C-47A0-470B-B018-7EC7AF48837D}.Release|Any CPU.ActiveCfg = Release|Any CPU
		{9AEB4D4C-47A0-470B-B018-7EC7AF48837D}.Release|Any CPU.Build.0 = Release|Any CPU
		{0D9D735B-912D-44CB-AC04-D16B119AA3D9}.Debug|Any CPU.ActiveCfg = Debug|Any CPU
		{0D9D735B-912D-44CB-AC04-D16B119AA3D9}.Debug|Any CPU.Build.0 = Debug|Any CPU
		{0D9D735B-912D-44CB-AC04-D16B119AA3D9}.Release|Any CPU.ActiveCfg = Release|Any CPU
		{0D9D735B-912D-44CB-AC04-D16B119AA3D9}.Release|Any CPU.Build.0 = Release|Any CPU
		{5B34812C-35D3-419D-8CB7-806338271575}.Debug|Any CPU.ActiveCfg = Debug|Any CPU
		{5B34812C-35D3-419D-8CB7-806338271575}.Debug|Any CPU.Build.0 = Debug|Any CPU
		{5B34812C-35D3-419D-8CB7-806338271575}.Release|Any CPU.ActiveCfg = Release|Any CPU
		{5B34812C-35D3-419D-8CB7-806338271575}.Release|Any CPU.Build.0 = Release|Any CPU
		{8D571AA8-C379-4D42-8348-36F265031298}.Debug|Any CPU.ActiveCfg = Debug|Any CPU
		{8D571AA8-C379-4D42-8348-36F265031298}.Debug|Any CPU.Build.0 = Debug|Any CPU
		{8D571AA8-C379-4D42-8348-36F265031298}.Release|Any CPU.ActiveCfg = Release|Any CPU
		{8D571AA8-C379-4D42-8348-36F265031298}.Release|Any CPU.Build.0 = Release|Any CPU
		{7FC03CA7-1CA2-4FC6-906F-050F295C9D4A}.Debug|Any CPU.ActiveCfg = Debug|Any CPU
		{7FC03CA7-1CA2-4FC6-906F-050F295C9D4A}.Debug|Any CPU.Build.0 = Debug|Any CPU
		{7FC03CA7-1CA2-4FC6-906F-050F295C9D4A}.Release|Any CPU.ActiveCfg = Release|Any CPU
		{7FC03CA7-1CA2-4FC6-906F-050F295C9D4A}.Release|Any CPU.Build.0 = Release|Any CPU
		{0AB47CCC-9AE3-48A4-BF9B-391660077778}.Debug|Any CPU.ActiveCfg = Debug|Any CPU
		{0AB47CCC-9AE3-48A4-BF9B-391660077778}.Debug|Any CPU.Build.0 = Debug|Any CPU
		{0AB47CCC-9AE3-48A4-BF9B-391660077778}.Release|Any CPU.ActiveCfg = Release|Any CPU
		{0AB47CCC-9AE3-48A4-BF9B-391660077778}.Release|Any CPU.Build.0 = Release|Any CPU
		{18C6EFEA-4638-4381-954E-5C0FC7104E75}.Debug|Any CPU.ActiveCfg = Debug|Any CPU
		{18C6EFEA-4638-4381-954E-5C0FC7104E75}.Debug|Any CPU.Build.0 = Debug|Any CPU
		{18C6EFEA-4638-4381-954E-5C0FC7104E75}.Release|Any CPU.ActiveCfg = Release|Any CPU
		{18C6EFEA-4638-4381-954E-5C0FC7104E75}.Release|Any CPU.Build.0 = Release|Any CPU
		{F25E5202-247B-4E7F-898A-90A90CA5BDF1}.Debug|Any CPU.ActiveCfg = Debug|Any CPU
		{F25E5202-247B-4E7F-898A-90A90CA5BDF1}.Debug|Any CPU.Build.0 = Debug|Any CPU
		{F25E5202-247B-4E7F-898A-90A90CA5BDF1}.Release|Any CPU.ActiveCfg = Release|Any CPU
		{F25E5202-247B-4E7F-898A-90A90CA5BDF1}.Release|Any CPU.Build.0 = Release|Any CPU
		{26E97D3D-8C0E-4A43-87B4-CAD78D985DB6}.Debug|Any CPU.ActiveCfg = Debug|Any CPU
		{26E97D3D-8C0E-4A43-87B4-CAD78D985DB6}.Debug|Any CPU.Build.0 = Debug|Any CPU
		{26E97D3D-8C0E-4A43-87B4-CAD78D985DB6}.Release|Any CPU.ActiveCfg = Release|Any CPU
		{26E97D3D-8C0E-4A43-87B4-CAD78D985DB6}.Release|Any CPU.Build.0 = Release|Any CPU
		{30B4F967-172E-4FDA-AE2B-41314C916A12}.Debug|Any CPU.ActiveCfg = Debug|Any CPU
		{30B4F967-172E-4FDA-AE2B-41314C916A12}.Debug|Any CPU.Build.0 = Debug|Any CPU
		{30B4F967-172E-4FDA-AE2B-41314C916A12}.Release|Any CPU.ActiveCfg = Release|Any CPU
		{30B4F967-172E-4FDA-AE2B-41314C916A12}.Release|Any CPU.Build.0 = Release|Any CPU
		{AAF3C24A-414A-46C3-BE18-4B49DCA48658}.Debug|Any CPU.ActiveCfg = Debug|Any CPU
		{AAF3C24A-414A-46C3-BE18-4B49DCA48658}.Debug|Any CPU.Build.0 = Debug|Any CPU
		{AAF3C24A-414A-46C3-BE18-4B49DCA48658}.Release|Any CPU.ActiveCfg = Release|Any CPU
		{AAF3C24A-414A-46C3-BE18-4B49DCA48658}.Release|Any CPU.Build.0 = Release|Any CPU
		{7E45A140-DD72-4BD6-8F27-43E654F2620B}.Debug|Any CPU.ActiveCfg = Debug|Any CPU
		{7E45A140-DD72-4BD6-8F27-43E654F2620B}.Debug|Any CPU.Build.0 = Debug|Any CPU
		{7E45A140-DD72-4BD6-8F27-43E654F2620B}.Release|Any CPU.ActiveCfg = Release|Any CPU
		{7E45A140-DD72-4BD6-8F27-43E654F2620B}.Release|Any CPU.Build.0 = Release|Any CPU
		{76F765B4-0A5F-4A13-AB3D-B63963503F89}.Debug|Any CPU.ActiveCfg = Debug|Any CPU
		{76F765B4-0A5F-4A13-AB3D-B63963503F89}.Debug|Any CPU.Build.0 = Debug|Any CPU
		{76F765B4-0A5F-4A13-AB3D-B63963503F89}.Release|Any CPU.ActiveCfg = Release|Any CPU
		{76F765B4-0A5F-4A13-AB3D-B63963503F89}.Release|Any CPU.Build.0 = Release|Any CPU
		{95C3EFA6-048A-43E6-A5DD-01E63B2E6F57}.Debug|Any CPU.ActiveCfg = Debug|Any CPU
		{95C3EFA6-048A-43E6-A5DD-01E63B2E6F57}.Debug|Any CPU.Build.0 = Debug|Any CPU
		{95C3EFA6-048A-43E6-A5DD-01E63B2E6F57}.Release|Any CPU.ActiveCfg = Release|Any CPU
		{95C3EFA6-048A-43E6-A5DD-01E63B2E6F57}.Release|Any CPU.Build.0 = Release|Any CPU
		{ACDCA0C3-1E71-483B-A0C4-6C93F74DECF6}.Debug|Any CPU.ActiveCfg = Debug|Any CPU
		{ACDCA0C3-1E71-483B-A0C4-6C93F74DECF6}.Debug|Any CPU.Build.0 = Debug|Any CPU
		{ACDCA0C3-1E71-483B-A0C4-6C93F74DECF6}.Release|Any CPU.ActiveCfg = Release|Any CPU
		{ACDCA0C3-1E71-483B-A0C4-6C93F74DECF6}.Release|Any CPU.Build.0 = Release|Any CPU
		{263B682C-3269-4AC5-893B-EBD36ABA9B43}.Debug|Any CPU.ActiveCfg = Debug|Any CPU
		{263B682C-3269-4AC5-893B-EBD36ABA9B43}.Debug|Any CPU.Build.0 = Debug|Any CPU
		{263B682C-3269-4AC5-893B-EBD36ABA9B43}.Release|Any CPU.ActiveCfg = Release|Any CPU
		{263B682C-3269-4AC5-893B-EBD36ABA9B43}.Release|Any CPU.Build.0 = Release|Any CPU
		{74317EE0-39F2-4AAE-9198-5A984C43FEB0}.Debug|Any CPU.ActiveCfg = Debug|Any CPU
		{74317EE0-39F2-4AAE-9198-5A984C43FEB0}.Debug|Any CPU.Build.0 = Debug|Any CPU
		{74317EE0-39F2-4AAE-9198-5A984C43FEB0}.Release|Any CPU.ActiveCfg = Release|Any CPU
		{74317EE0-39F2-4AAE-9198-5A984C43FEB0}.Release|Any CPU.Build.0 = Release|Any CPU
		{96674F0D-55EF-4B73-B191-F86DA93E3555}.Debug|Any CPU.ActiveCfg = Debug|Any CPU
		{96674F0D-55EF-4B73-B191-F86DA93E3555}.Debug|Any CPU.Build.0 = Debug|Any CPU
		{96674F0D-55EF-4B73-B191-F86DA93E3555}.Release|Any CPU.ActiveCfg = Release|Any CPU
		{96674F0D-55EF-4B73-B191-F86DA93E3555}.Release|Any CPU.Build.0 = Release|Any CPU
		{C13802B5-378D-4B35-B1A5-FAFB4BBA5D18}.Debug|Any CPU.ActiveCfg = Debug|Any CPU
		{C13802B5-378D-4B35-B1A5-FAFB4BBA5D18}.Debug|Any CPU.Build.0 = Debug|Any CPU
		{C13802B5-378D-4B35-B1A5-FAFB4BBA5D18}.Release|Any CPU.ActiveCfg = Release|Any CPU
		{C13802B5-378D-4B35-B1A5-FAFB4BBA5D18}.Release|Any CPU.Build.0 = Release|Any CPU
		{683D1682-3AAC-48E7-B52B-CE1468A04E60}.Debug|Any CPU.ActiveCfg = Debug|Any CPU
		{683D1682-3AAC-48E7-B52B-CE1468A04E60}.Debug|Any CPU.Build.0 = Debug|Any CPU
		{683D1682-3AAC-48E7-B52B-CE1468A04E60}.Release|Any CPU.ActiveCfg = Release|Any CPU
		{683D1682-3AAC-48E7-B52B-CE1468A04E60}.Release|Any CPU.Build.0 = Release|Any CPU
		{FB61A212-B039-41B1-9231-36B4E2B72E5C}.Debug|Any CPU.ActiveCfg = Debug|Any CPU
		{FB61A212-B039-41B1-9231-36B4E2B72E5C}.Debug|Any CPU.Build.0 = Debug|Any CPU
		{FB61A212-B039-41B1-9231-36B4E2B72E5C}.Release|Any CPU.ActiveCfg = Release|Any CPU
		{FB61A212-B039-41B1-9231-36B4E2B72E5C}.Release|Any CPU.Build.0 = Release|Any CPU
	EndGlobalSection
	GlobalSection(SolutionProperties) = preSolution
		HideSolutionNode = FALSE
	EndGlobalSection
	GlobalSection(NestedProjects) = preSolution
		{D19DF208-C2A0-4F41-960E-8D4D6CA51183} = {BC2BA767-D1A0-43AC-8C46-38CD2F929157}
		{9AEB4D4C-47A0-470B-B018-7EC7AF48837D} = {BC2BA767-D1A0-43AC-8C46-38CD2F929157}
		{0D9D735B-912D-44CB-AC04-D16B119AA3D9} = {BC2BA767-D1A0-43AC-8C46-38CD2F929157}
		{5B34812C-35D3-419D-8CB7-806338271575} = {BC2BA767-D1A0-43AC-8C46-38CD2F929157}
		{8D571AA8-C379-4D42-8348-36F265031298} = {BC2BA767-D1A0-43AC-8C46-38CD2F929157}
		{7FC03CA7-1CA2-4FC6-906F-050F295C9D4A} = {BC2BA767-D1A0-43AC-8C46-38CD2F929157}
		{0AB47CCC-9AE3-48A4-BF9B-391660077778} = {BC2BA767-D1A0-43AC-8C46-38CD2F929157}
		{18C6EFEA-4638-4381-954E-5C0FC7104E75} = {BC2BA767-D1A0-43AC-8C46-38CD2F929157}
		{F25E5202-247B-4E7F-898A-90A90CA5BDF1} = {BC2BA767-D1A0-43AC-8C46-38CD2F929157}
		{26E97D3D-8C0E-4A43-87B4-CAD78D985DB6} = {BC2BA767-D1A0-43AC-8C46-38CD2F929157}
		{30B4F967-172E-4FDA-AE2B-41314C916A12} = {BC2BA767-D1A0-43AC-8C46-38CD2F929157}
		{AAF3C24A-414A-46C3-BE18-4B49DCA48658} = {BC2BA767-D1A0-43AC-8C46-38CD2F929157}
		{7E45A140-DD72-4BD6-8F27-43E654F2620B} = {845DE14E-913A-4BA8-9550-CB7EB19CDC6C}
		{76F765B4-0A5F-4A13-AB3D-B63963503F89} = {845DE14E-913A-4BA8-9550-CB7EB19CDC6C}
		{95C3EFA6-048A-43E6-A5DD-01E63B2E6F57} = {845DE14E-913A-4BA8-9550-CB7EB19CDC6C}
		{ACDCA0C3-1E71-483B-A0C4-6C93F74DECF6} = {845DE14E-913A-4BA8-9550-CB7EB19CDC6C}
		{263B682C-3269-4AC5-893B-EBD36ABA9B43} = {845DE14E-913A-4BA8-9550-CB7EB19CDC6C}
		{74317EE0-39F2-4AAE-9198-5A984C43FEB0} = {845DE14E-913A-4BA8-9550-CB7EB19CDC6C}
		{96674F0D-55EF-4B73-B191-F86DA93E3555} = {845DE14E-913A-4BA8-9550-CB7EB19CDC6C}
		{C13802B5-378D-4B35-B1A5-FAFB4BBA5D18} = {845DE14E-913A-4BA8-9550-CB7EB19CDC6C}
		{683D1682-3AAC-48E7-B52B-CE1468A04E60} = {845DE14E-913A-4BA8-9550-CB7EB19CDC6C}
		{FB61A212-B039-41B1-9231-36B4E2B72E5C} = {845DE14E-913A-4BA8-9550-CB7EB19CDC6C}
	EndGlobalSection
EndGlobal
